
Microsoft Visual Studio Solution File, Format Version 12.00
# Visual Studio 15
VisualStudioVersion = 15.0.28307.421
MinimumVisualStudioVersion = 10.0.40219.1
Project("{FAE04EC0-301F-11D3-BF4B-00C04F79EFBC}") = "MVVMDemo.Android", "MVVMDemo\MVVMDemo.Android\MVVMDemo.Android.csproj", "{9E5822C0-F57A-466D-A9CA-87B8D09E0830}"
EndProject
Project("{FAE04EC0-301F-11D3-BF4B-00C04F79EFBC}") = "MVVMDemo.iOS", "MVVMDemo\MVVMDemo.iOS\MVVMDemo.iOS.csproj", "{6D646FC6-5A85-477B-8D73-25A19CF95641}"
EndProject
Project("{FAE04EC0-301F-11D3-BF4B-00C04F79EFBC}") = "MVVMDemo", "MVVMDemo\MVVMDemo\MVVMDemo.csproj", "{19C17FD8-EE98-4495-9D57-0B0095AF7229}"
EndProject
Global
	GlobalSection(SolutionConfigurationPlatforms) = preSolution
		Ad-Hoc|Any CPU = Ad-Hoc|Any CPU
		Ad-Hoc|iPhone = Ad-Hoc|iPhone
		Ad-Hoc|iPhoneSimulator = Ad-Hoc|iPhoneSimulator
		AppStore|Any CPU = AppStore|Any CPU
		AppStore|iPhone = AppStore|iPhone
		AppStore|iPhoneSimulator = AppStore|iPhoneSimulator
		Debug|Any CPU = Debug|Any CPU
		Debug|iPhone = Debug|iPhone
		Debug|iPhoneSimulator = Debug|iPhoneSimulator
		Release|Any CPU = Release|Any CPU
		Release|iPhone = Release|iPhone
		Release|iPhoneSimulator = Release|iPhoneSimulator
	EndGlobalSection
	GlobalSection(ProjectConfigurationPlatforms) = postSolution
		{9E5822C0-F57A-466D-A9CA-87B8D09E0830}.Ad-Hoc|Any CPU.ActiveCfg = Release|Any CPU
		{9E5822C0-F57A-466D-A9CA-87B8D09E0830}.Ad-Hoc|Any CPU.Build.0 = Release|Any CPU
		{9E5822C0-F57A-466D-A9CA-87B8D09E0830}.Ad-Hoc|Any CPU.Deploy.0 = Release|Any CPU
		{9E5822C0-F57A-466D-A9CA-87B8D09E0830}.Ad-Hoc|iPhone.ActiveCfg = Release|Any CPU
		{9E5822C0-F57A-466D-A9CA-87B8D09E0830}.Ad-Hoc|iPhone.Build.0 = Release|Any CPU
		{9E5822C0-F57A-466D-A9CA-87B8D09E0830}.Ad-Hoc|iPhone.Deploy.0 = Release|Any CPU
		{9E5822C0-F57A-466D-A9CA-87B8D09E0830}.Ad-Hoc|iPhoneSimulator.ActiveCfg = Release|Any CPU
		{9E5822C0-F57A-466D-A9CA-87B8D09E0830}.Ad-Hoc|iPhoneSimulator.Build.0 = Release|Any CPU
		{9E5822C0-F57A-466D-A9CA-87B8D09E0830}.Ad-Hoc|iPhoneSimulator.Deploy.0 = Release|Any CPU
		{9E5822C0-F57A-466D-A9CA-87B8D09E0830}.AppStore|Any CPU.ActiveCfg = Release|Any CPU
		{9E5822C0-F57A-466D-A9CA-87B8D09E0830}.AppStore|Any CPU.Build.0 = Release|Any CPU
		{9E5822C0-F57A-466D-A9CA-87B8D09E0830}.AppStore|Any CPU.Deploy.0 = Release|Any CPU
		{9E5822C0-F57A-466D-A9CA-87B8D09E0830}.AppStore|iPhone.ActiveCfg = Release|Any CPU
		{9E5822C0-F57A-466D-A9CA-87B8D09E0830}.AppStore|iPhone.Build.0 = Release|Any CPU
		{9E5822C0-F57A-466D-A9CA-87B8D09E0830}.AppStore|iPhone.Deploy.0 = Release|Any CPU
		{9E5822C0-F57A-466D-A9CA-87B8D09E0830}.AppStore|iPhoneSimulator.ActiveCfg = Release|Any CPU
		{9E5822C0-F57A-466D-A9CA-87B8D09E0830}.AppStore|iPhoneSimulator.Build.0 = Release|Any CPU
		{9E5822C0-F57A-466D-A9CA-87B8D09E0830}.AppStore|iPhoneSimulator.Deploy.0 = Release|Any CPU
		{9E5822C0-F57A-466D-A9CA-87B8D09E0830}.Debug|Any CPU.ActiveCfg = Debug|Any CPU
		{9E5822C0-F57A-466D-A9CA-87B8D09E0830}.Debug|Any CPU.Build.0 = Debug|Any CPU
		{9E5822C0-F57A-466D-A9CA-87B8D09E0830}.Debug|Any CPU.Deploy.0 = Debug|Any CPU
		{9E5822C0-F57A-466D-A9CA-87B8D09E0830}.Debug|iPhone.ActiveCfg = Debug|Any CPU
		{9E5822C0-F57A-466D-A9CA-87B8D09E0830}.Debug|iPhone.Build.0 = Debug|Any CPU
		{9E5822C0-F57A-466D-A9CA-87B8D09E0830}.Debug|iPhone.Deploy.0 = Debug|Any CPU
		{9E5822C0-F57A-466D-A9CA-87B8D09E0830}.Debug|iPhoneSimulator.ActiveCfg = Debug|Any CPU
		{9E5822C0-F57A-466D-A9CA-87B8D09E0830}.Debug|iPhoneSimulator.Build.0 = Debug|Any CPU
		{9E5822C0-F57A-466D-A9CA-87B8D09E0830}.Debug|iPhoneSimulator.Deploy.0 = Debug|Any CPU
		{9E5822C0-F57A-466D-A9CA-87B8D09E0830}.Release|Any CPU.ActiveCfg = Release|Any CPU
		{9E5822C0-F57A-466D-A9CA-87B8D09E0830}.Release|Any CPU.Build.0 = Release|Any CPU
		{9E5822C0-F57A-466D-A9CA-87B8D09E0830}.Release|Any CPU.Deploy.0 = Release|Any CPU
		{9E5822C0-F57A-466D-A9CA-87B8D09E0830}.Release|iPhone.ActiveCfg = Release|Any CPU
		{9E5822C0-F57A-466D-A9CA-87B8D09E0830}.Release|iPhone.Build.0 = Release|Any CPU
		{9E5822C0-F57A-466D-A9CA-87B8D09E0830}.Release|iPhone.Deploy.0 = Release|Any CPU
		{9E5822C0-F57A-466D-A9CA-87B8D09E0830}.Release|iPhoneSimulator.ActiveCfg = Release|Any CPU
		{9E5822C0-F57A-466D-A9CA-87B8D09E0830}.Release|iPhoneSimulator.Build.0 = Release|Any CPU
		{9E5822C0-F57A-466D-A9CA-87B8D09E0830}.Release|iPhoneSimulator.Deploy.0 = Release|Any CPU
		{6D646FC6-5A85-477B-8D73-25A19CF95641}.Ad-Hoc|Any CPU.ActiveCfg = Ad-Hoc|iPhone
		{6D646FC6-5A85-477B-8D73-25A19CF95641}.Ad-Hoc|Any CPU.Build.0 = Ad-Hoc|iPhone
		{6D646FC6-5A85-477B-8D73-25A19CF95641}.Ad-Hoc|Any CPU.Deploy.0 = Ad-Hoc|iPhone
		{6D646FC6-5A85-477B-8D73-25A19CF95641}.Ad-Hoc|iPhone.ActiveCfg = Ad-Hoc|iPhone
		{6D646FC6-5A85-477B-8D73-25A19CF95641}.Ad-Hoc|iPhone.Build.0 = Ad-Hoc|iPhone
		{6D646FC6-5A85-477B-8D73-25A19CF95641}.Ad-Hoc|iPhone.Deploy.0 = Ad-Hoc|iPhone
		{6D646FC6-5A85-477B-8D73-25A19CF95641}.Ad-Hoc|iPhoneSimulator.ActiveCfg = Ad-Hoc|iPhoneSimulator
		{6D646FC6-5A85-477B-8D73-25A19CF95641}.Ad-Hoc|iPhoneSimulator.Build.0 = Ad-Hoc|iPhoneSimulator
		{6D646FC6-5A85-477B-8D73-25A19CF95641}.Ad-Hoc|iPhoneSimulator.Deploy.0 = Ad-Hoc|iPhoneSimulator
		{6D646FC6-5A85-477B-8D73-25A19CF95641}.AppStore|Any CPU.ActiveCfg = AppStore|iPhone
		{6D646FC6-5A85-477B-8D73-25A19CF95641}.AppStore|Any CPU.Build.0 = AppStore|iPhone
		{6D646FC6-5A85-477B-8D73-25A19CF95641}.AppStore|Any CPU.Deploy.0 = AppStore|iPhone
		{6D646FC6-5A85-477B-8D73-25A19CF95641}.AppStore|iPhone.ActiveCfg = AppStore|iPhone
		{6D646FC6-5A85-477B-8D73-25A19CF95641}.AppStore|iPhone.Build.0 = AppStore|iPhone
		{6D646FC6-5A85-477B-8D73-25A19CF95641}.AppStore|iPhone.Deploy.0 = AppStore|iPhone
		{6D646FC6-5A85-477B-8D73-25A19CF95641}.AppStore|iPhoneSimulator.ActiveCfg = AppStore|iPhoneSimulator
		{6D646FC6-5A85-477B-8D73-25A19CF95641}.AppStore|iPhoneSimulator.Build.0 = AppStore|iPhoneSimulator
		{6D646FC6-5A85-477B-8D73-25A19CF95641}.AppStore|iPhoneSimulator.Deploy.0 = AppStore|iPhoneSimulator
		{6D646FC6-5A85-477B-8D73-25A19CF95641}.Debug|Any CPU.ActiveCfg = Debug|iPhoneSimulator
		{6D646FC6-5A85-477B-8D73-25A19CF95641}.Debug|Any CPU.Build.0 = Debug|iPhoneSimulator
		{6D646FC6-5A85-477B-8D73-25A19CF95641}.Debug|Any CPU.Deploy.0 = Debug|iPhoneSimulator
		{6D646FC6-5A85-477B-8D73-25A19CF95641}.Debug|iPhone.ActiveCfg = Debug|iPhone
		{6D646FC6-5A85-477B-8D73-25A19CF95641}.Debug|iPhone.Build.0 = Debug|iPhone
		{6D646FC6-5A85-477B-8D73-25A19CF95641}.Debug|iPhone.Deploy.0 = Debug|iPhone
		{6D646FC6-5A85-477B-8D73-25A19CF95641}.Debug|iPhoneSimulator.ActiveCfg = Debug|iPhoneSimulator
		{6D646FC6-5A85-477B-8D73-25A19CF95641}.Debug|iPhoneSimulator.Build.0 = Debug|iPhoneSimulator
		{6D646FC6-5A85-477B-8D73-25A19CF95641}.Debug|iPhoneSimulator.Deploy.0 = Debug|iPhoneSimulator
		{6D646FC6-5A85-477B-8D73-25A19CF95641}.Release|Any CPU.ActiveCfg = Release|iPhone
		{6D646FC6-5A85-477B-8D73-25A19CF95641}.Release|Any CPU.Build.0 = Release|iPhone
		{6D646FC6-5A85-477B-8D73-25A19CF95641}.Release|Any CPU.Deploy.0 = Release|iPhone
		{6D646FC6-5A85-477B-8D73-25A19CF95641}.Release|iPhone.ActiveCfg = Release|iPhone
		{6D646FC6-5A85-477B-8D73-25A19CF95641}.Release|iPhone.Build.0 = Release|iPhone
		{6D646FC6-5A85-477B-8D73-25A19CF95641}.Release|iPhone.Deploy.0 = Release|iPhone
		{6D646FC6-5A85-477B-8D73-25A19CF95641}.Release|iPhoneSimulator.ActiveCfg = Release|iPhoneSimulator
		{6D646FC6-5A85-477B-8D73-25A19CF95641}.Release|iPhoneSimulator.Build.0 = Release|iPhoneSimulator
		{6D646FC6-5A85-477B-8D73-25A19CF95641}.Release|iPhoneSimulator.Deploy.0 = Release|iPhoneSimulator
		{19C17FD8-EE98-4495-9D57-0B0095AF7229}.Ad-Hoc|Any CPU.ActiveCfg = Debug|Any CPU
		{19C17FD8-EE98-4495-9D57-0B0095AF7229}.Ad-Hoc|Any CPU.Build.0 = Debug|Any CPU
		{19C17FD8-EE98-4495-9D57-0B0095AF7229}.Ad-Hoc|Any CPU.Deploy.0 = Debug|Any CPU
		{19C17FD8-EE98-4495-9D57-0B0095AF7229}.Ad-Hoc|iPhone.ActiveCfg = Debug|Any CPU
		{19C17FD8-EE98-4495-9D57-0B0095AF7229}.Ad-Hoc|iPhone.Build.0 = Debug|Any CPU
		{19C17FD8-EE98-4495-9D57-0B0095AF7229}.Ad-Hoc|iPhone.Deploy.0 = Debug|Any CPU
		{19C17FD8-EE98-4495-9D57-0B0095AF7229}.Ad-Hoc|iPhoneSimulator.ActiveCfg = Debug|Any CPU
		{19C17FD8-EE98-4495-9D57-0B0095AF7229}.Ad-Hoc|iPhoneSimulator.Build.0 = Debug|Any CPU
		{19C17FD8-EE98-4495-9D57-0B0095AF7229}.Ad-Hoc|iPhoneSimulator.Deploy.0 = Debug|Any CPU
		{19C17FD8-EE98-4495-9D57-0B0095AF7229}.AppStore|Any CPU.ActiveCfg = Debug|Any CPU
		{19C17FD8-EE98-4495-9D57-0B0095AF7229}.AppStore|Any CPU.Build.0 = Debug|Any CPU
		{19C17FD8-EE98-4495-9D57-0B0095AF7229}.AppStore|Any CPU.Deploy.0 = Debug|Any CPU
		{19C17FD8-EE98-4495-9D57-0B0095AF7229}.AppStore|iPhone.ActiveCfg = Debug|Any CPU
		{19C17FD8-EE98-4495-9D57-0B0095AF7229}.AppStore|iPhone.Build.0 = Debug|Any CPU
		{19C17FD8-EE98-4495-9D57-0B0095AF7229}.AppStore|iPhone.Deploy.0 = Debug|Any CPU
		{19C17FD8-EE98-4495-9D57-0B0095AF7229}.AppStore|iPhoneSimulator.ActiveCfg = Debug|Any CPU
		{19C17FD8-EE98-4495-9D57-0B0095AF7229}.AppStore|iPhoneSimulator.Build.0 = Debug|Any CPU
		{19C17FD8-EE98-4495-9D57-0B0095AF7229}.AppStore|iPhoneSimulator.Deploy.0 = Debug|Any CPU
		{19C17FD8-EE98-4495-9D57-0B0095AF7229}.Debug|Any CPU.ActiveCfg = Debug|Any CPU
		{19C17FD8-EE98-4495-9D57-0B0095AF7229}.Debug|Any CPU.Build.0 = Debug|Any CPU
		{19C17FD8-EE98-4495-9D57-0B0095AF7229}.Debug|Any CPU.Deploy.0 = Debug|Any CPU
		{19C17FD8-EE98-4495-9D57-0B0095AF7229}.Debug|iPhone.ActiveCfg = Debug|Any CPU
		{19C17FD8-EE98-4495-9D57-0B0095AF7229}.Debug|iPhone.Build.0 = Debug|Any CPU
		{19C17FD8-EE98-4495-9D57-0B0095AF7229}.Debug|iPhone.Deploy.0 = Debug|Any CPU
		{19C17FD8-EE98-4495-9D57-0B0095AF7229}.Debug|iPhoneSimulator.ActiveCfg = Debug|Any CPU
		{19C17FD8-EE98-4495-9D57-0B0095AF7229}.Debug|iPhoneSimulator.Build.0 = Debug|Any CPU
		{19C17FD8-EE98-4495-9D57-0B0095AF7229}.Debug|iPhoneSimulator.Deploy.0 = Debug|Any CPU
		{19C17FD8-EE98-4495-9D57-0B0095AF7229}.Release|Any CPU.ActiveCfg = Release|Any CPU
		{19C17FD8-EE98-4495-9D57-0B0095AF7229}.Release|Any CPU.Build.0 = Release|Any CPU
		{19C17FD8-EE98-4495-9D57-0B0095AF7229}.Release|Any CPU.Deploy.0 = Release|Any CPU
		{19C17FD8-EE98-4495-9D57-0B0095AF7229}.Release|iPhone.ActiveCfg = Release|Any CPU
		{19C17FD8-EE98-4495-9D57-0B0095AF7229}.Release|iPhone.Build.0 = Release|Any CPU
		{19C17FD8-EE98-4495-9D57-0B0095AF7229}.Release|iPhone.Deploy.0 = Release|Any CPU
		{19C17FD8-EE98-4495-9D57-0B0095AF7229}.Release|iPhoneSimulator.ActiveCfg = Release|Any CPU
		{19C17FD8-EE98-4495-9D57-0B0095AF7229}.Release|iPhoneSimulator.Build.0 = Release|Any CPU
		{19C17FD8-EE98-4495-9D57-0B0095AF7229}.Release|iPhoneSimulator.Deploy.0 = Release|Any CPU
	EndGlobalSection
	GlobalSection(SolutionProperties) = preSolution
		HideSolutionNode = FALSE
	EndGlobalSection
	GlobalSection(ExtensibilityGlobals) = postSolution
		SolutionGuid = {E9095C86-E7C2-4D3E-91DC-06DFD5EE880F}
	EndGlobalSection
EndGlobal
